
Microsoft Visual Studio Solution File, Format Version 11.00
# Visual Studio 2010
Project("{2150E333-8FDC-42A3-9474-1A3956D46DE8}") = "GUI controls", "GUI controls", "{C6DE47A1-1707-4139-9638-37CA983F3086}"
EndProject
Project("{2150E333-8FDC-42A3-9474-1A3956D46DE8}") = "Test projects", "Test projects", "{36E4D3C5-28FD-46B9-8763-C3316F67C6BE}"
EndProject
Project("{2150E333-8FDC-42A3-9474-1A3956D46DE8}") = "Setup", "Setup", "{F2DEFE3C-291D-4F9B-A01C-4EEA7988A183}"
EndProject
Project("{2150E333-8FDC-42A3-9474-1A3956D46DE8}") = "HTML Help", "HTML Help", "{59115AF3-A2B9-4FBB-9525-B5BD9C2AE34D}"
EndProject
Project("{FAE04EC0-301F-11D3-BF4B-00C04F79EFBC}") = "TreeDim.StackBuilder.Engine", "TreeDim.StackBuilder.Engine\TreeDim.StackBuilder.Engine.csproj", "{2E646606-052D-4063-9218-1379430B070E}"
EndProject
Project("{FAE04EC0-301F-11D3-BF4B-00C04F79EFBC}") = "TreeDim.StackBuilder.Graphics", "TreeDim.StackBuilder.Graphic\TreeDim.StackBuilder.Graphics.csproj", "{2AD4C04C-5B8A-4E69-9B1C-402CB86860A7}"
EndProject
Project("{FAE04EC0-301F-11D3-BF4B-00C04F79EFBC}") = "TreeDim.StackBuilder.Desktop", "TreeDim.StackBuilder.Desktop\TreeDim.StackBuilder.Desktop.csproj", "{A8A2C6D7-58CF-4DA2-A754-C9686173B5EE}"
	ProjectSection(ProjectDependencies) = postProject
		{1505A6E5-E6F9-4408-A5C8-968417081CBD} = {1505A6E5-E6F9-4408-A5C8-968417081CBD}
	EndProjectSection
EndProject
Project("{FAE04EC0-301F-11D3-BF4B-00C04F79EFBC}") = "TreeDim.StackBuilder.Graphics.Test", "TreeDim.StackBuilder.Graphics.Test\TreeDim.StackBuilder.Graphics.Test.csproj", "{D5FBE9D8-DFAE-49F0-B9DA-0795B98D887F}"
EndProject
Project("{FAE04EC0-301F-11D3-BF4B-00C04F79EFBC}") = "TreeDim.StackBuilder.Engine.Test", "TreeDim.StackBuilder.Engine.Test\TreeDim.StackBuilder.Engine.Test.csproj", "{B6A88209-B71C-4045-BF3D-371BC9D21784}"
EndProject
Project("{FAE04EC0-301F-11D3-BF4B-00C04F79EFBC}") = "TreeDim.StackBuilder.Basics", "TreeDim.StackBuilder.Basics\TreeDim.StackBuilder.Basics.csproj", "{444C01D0-53FD-49A1-9D55-267B49161357}"
EndProject
Project("{FAE04EC0-301F-11D3-BF4B-00C04F79EFBC}") = "OfficePickers", "OfficePickers\OfficePickers.csproj", "{CAD56B75-481B-4C76-B090-4BC2FF5E5681}"
EndProject
Project("{930C7802-8A8C-48F9-8165-68863BCCD9DD}") = "SetupSB", "SetupSB\SetupSB.wixproj", "{125DBC33-AA7A-4F67-BD19-3D0BD6C6BA9B}"
	ProjectSection(ProjectDependencies) = postProject
		{2E646606-052D-4063-9218-1379430B070E} = {2E646606-052D-4063-9218-1379430B070E}
		{2AD4C04C-5B8A-4E69-9B1C-402CB86860A7} = {2AD4C04C-5B8A-4E69-9B1C-402CB86860A7}
		{CAD56B75-481B-4C76-B090-4BC2FF5E5681} = {CAD56B75-481B-4C76-B090-4BC2FF5E5681}
		{444C01D0-53FD-49A1-9D55-267B49161357} = {444C01D0-53FD-49A1-9D55-267B49161357}
		{A8A2C6D7-58CF-4DA2-A754-C9686173B5EE} = {A8A2C6D7-58CF-4DA2-A754-C9686173B5EE}
		{1505A6E5-E6F9-4408-A5C8-968417081CBD} = {1505A6E5-E6F9-4408-A5C8-968417081CBD}
	EndProjectSection
EndProject
Project("{FAE04EC0-301F-11D3-BF4B-00C04F79EFBC}") = "TreeDim.StackBuilder.Graphics.BoxelOrderer.Test", "Test\TreeDim.Stackbuilder.Graphics.BoxelOrderer.Test\TreeDim.StackBuilder.Graphics.BoxelOrderer.Test.csproj", "{70C5EAF0-C268-4395-9CF6-115DFB502236}"
EndProject
Project("{FAE04EC0-301F-11D3-BF4B-00C04F79EFBC}") = "TreeDim.StackBuilder.Reporting.XsltGenerator", "TreeDim.StackBuilder.Reporting.XsltGenerator\TreeDim.StackBuilder.Reporting.XsltGenerator.csproj", "{73F7AD40-F55C-4B68-887A-DA188BA4B4CE}"
EndProject
Project("{FAE04EC0-301F-11D3-BF4B-00C04F79EFBC}") = "TreeDim.StackBuilder.Engine.TestCaseOptimisation", "TreeDim.StackBuilder.Engine.TestCaseOptimisation\TreeDim.StackBuilder.Engine.TestCaseOptimisation.csproj", "{2A6670DA-F272-4D77-AF6E-F3710AED677E}"
EndProject
Project("{FAE04EC0-301F-11D3-BF4B-00C04F79EFBC}") = "TreeDim.EdgeCrushTest", "TreeDim.EdgeCrushTest\TreeDim.EdgeCrushTest.csproj", "{E4240EE0-60B3-4435-BD09-F81D56C0899A}"
EndProject
Project("{FAE04EC0-301F-11D3-BF4B-00C04F79EFBC}") = "TreeDim.StackBuilder.XmlFileProcessor", "TreeDim.StackBuilder.XmlFileProcessor\TreeDim.StackBuilder.XmlFileProcessor.csproj", "{108EA949-8BA4-4686-88FD-AE6E75C064DD}"
EndProject
Project("{2150E333-8FDC-42A3-9474-1A3956D46DE8}") = "Reporting", "Reporting", "{984497B5-C76B-49C3-9C6D-00E25252DD93}"
EndProject
Project("{FAE04EC0-301F-11D3-BF4B-00C04F79EFBC}") = "TreeDim.StackBuilder.Reporting.Test", "TreeDim.StackBuilder.Reporting.Test\TreeDim.StackBuilder.Reporting.Test.csproj", "{E82AB523-ACE9-41F5-B5D6-F2D9AD6D2576}"
EndProject
Project("{FAE04EC0-301F-11D3-BF4B-00C04F79EFBC}") = "TreeDim.StackBuilder.Reporting", "TreeDim.StackBuilder.Reporting\TreeDim.StackBuilder.Reporting.csproj", "{1505A6E5-E6F9-4408-A5C8-968417081CBD}"
EndProject
Project("{FAE04EC0-301F-11D3-BF4B-00C04F79EFBC}") = "OptionsLib", "OptionsLib\OptionsLib.csproj", "{5035348F-344F-4822-823E-6CB4D79D80D7}"
EndProject
Project("{FAE04EC0-301F-11D3-BF4B-00C04F79EFBC}") = "TreeDim.AutoUpdater", "TreeDim.AutoUpdater\TreeDim.AutoUpdater.csproj", "{0B5CE6C7-757A-45C0-B695-5D4EE4E22336}"
EndProject
Project("{2150E333-8FDC-42A3-9474-1A3956D46DE8}") = "Updater", "Updater", "{FB780BE9-6525-4B6F-AC3B-C0573EA74D32}"
EndProject
Project("{FAE04EC0-301F-11D3-BF4B-00C04F79EFBC}") = "TreeDim.Update", "TreeDim.Update\TreeDim.Update.csproj", "{2A0BA1B2-A0F1-479F-9083-2EC11D6B70DF}"
EndProject
Project("{FAE04EC0-301F-11D3-BF4B-00C04F79EFBC}") = "MsgBoxCheck", "MsgBoxCheck\MsgBoxCheck.csproj", "{43D66268-9336-4118-A30E-FC43CED0E62D}"
EndProject
Project("{FAE04EC0-301F-11D3-BF4B-00C04F79EFBC}") = "TreeDim.StackBuilder.ColladaExporter", "TreeDim.StackBuilder.ColladaExporter\TreeDim.StackBuilder.ColladaExporter.csproj", "{785A5666-FE91-4796-A720-13C9A727BA5C}"
EndProject
Project("{FAE04EC0-301F-11D3-BF4B-00C04F79EFBC}") = "TreeDim.StackBuilder.ColladaExporter.Test", "TreeDim.StackBuilder.ColladaExporter.Test\TreeDim.StackBuilder.ColladaExporter.Test.csproj", "{58436B36-D49F-4C14-92E7-EF083858003C}"
EndProject
Project("{930C7802-8A8C-48F9-8165-68863BCCD9DD}") = "BootstrapperSB", "BootstrapperSB\BootstrapperSB.wixproj", "{A4249447-3954-42AB-AF4A-AEEB007BA105}"
	ProjectSection(ProjectDependencies) = postProject
		{125DBC33-AA7A-4F67-BD19-3D0BD6C6BA9B} = {125DBC33-AA7A-4F67-BD19-3D0BD6C6BA9B}
	EndProjectSection
EndProject
Project("{FAE04EC0-301F-11D3-BF4B-00C04F79EFBC}") = "TreeDim.StackBuilder.SQLite", "TreeDim.StackBuilder.SQLite\TreeDim.StackBuilder.SQLite.csproj", "{7F2C7280-F996-4548-A856-D2DFBF37489E}"
EndProject
Project("{FAE04EC0-301F-11D3-BF4B-00C04F79EFBC}") = "TreeDim.StackBuilder.SQLite.Test", "TreeDim.StackBuilder.SQLite.Test\TreeDim.StackBuilder.SQLite.Test.csproj", "{62F4E02B-4CBD-4DBA-9A19-C307C0DF3993}"
EndProject
Project("{FAE04EC0-301F-11D3-BF4B-00C04F79EFBC}") = "TreeDim.StackBuilder.GUIExtension", "TreeDim.StackBuilder.GUIExtension\TreeDim.StackBuilder.GUIExtension.csproj", "{E335B93B-F816-44E9-B4BB-612FF1673637}"
EndProject
Project("{FAE04EC0-301F-11D3-BF4B-00C04F79EFBC}") = "TreeDim.StackBuilder.GUIExtension.Test", "TreeDim.StackBuilder.GUIExtension.Test\TreeDim.StackBuilder.GUIExtension.Test.csproj", "{8E3FC372-5F2A-4885-9667-83B41A325E4B}"
EndProject
Project("{FAE04EC0-301F-11D3-BF4B-00C04F79EFBC}") = "TreeDim.UserControls", "TreeDim.UserControls\TreeDim.UserControls.csproj", "{7FF9B713-8D36-4887-BF50-2B9E2B28808D}"
EndProject
Project("{930C7802-8A8C-48F9-8165-68863BCCD9DD}") = "StackBuilderGUIExtMSM", "StackBuilderGUIExtMSM\StackBuilderGUIExtMSM.wixproj", "{EBD65A1F-9A23-4A42-81C1-40D03D50A6F5}"
EndProject
Project("{FAE04EC0-301F-11D3-BF4B-00C04F79EFBC}") = "Sharp3D.Math", "Sharp3D.Math\Sharp3D.Math.csproj", "{8F9BA4D3-D6AF-42A6-B74F-0DF6568C148B}"
EndProject
Project("{930C7802-8A8C-48F9-8165-68863BCCD9DD}") = "MergeModuleSB", "SetupSB\MergeModuleSB.wixproj", "{DCE973AD-D647-4989-8F16-F43FF7E058A2}"
EndProject
Project("{2150E333-8FDC-42A3-9474-1A3956D46DE8}") = "Plugins", "Plugins", "{78A832C5-F1BB-4A1F-95FD-6531DDA2E9EE}"
EndProject
Project("{FAE04EC0-301F-11D3-BF4B-00C04F79EFBC}") = "treeDiM.StackBuilder.Plugin", "treeDiM.StackBuilder.Plugin\treeDiM.StackBuilder.Plugin.csproj", "{75769E19-2CCC-4DF0-88D9-CBAC14BB6329}"
EndProject
Project("{FAE04EC0-301F-11D3-BF4B-00C04F79EFBC}") = "treeDiM.StackBuilder.Plugin_INTEX", "treeDiM.StackBuilder.Plugin_INTEX\treeDiM.StackBuilder.Plugin_INTEX.csproj", "{C5AAB10A-8D08-419F-9D5C-2FC78FEF8B53}"
EndProject
Global
	GlobalSection(SolutionConfigurationPlatforms) = preSolution
		Debug|Any CPU = Debug|Any CPU
		Debug|Mixed Platforms = Debug|Mixed Platforms
		Debug|x86 = Debug|x86
		Release|Any CPU = Release|Any CPU
		Release|Mixed Platforms = Release|Mixed Platforms
		Release|x86 = Release|x86
	EndGlobalSection
	GlobalSection(ProjectConfigurationPlatforms) = postSolution
		{2E646606-052D-4063-9218-1379430B070E}.Debug|Any CPU.ActiveCfg = Debug|Any CPU
		{2E646606-052D-4063-9218-1379430B070E}.Debug|Any CPU.Build.0 = Debug|Any CPU
		{2E646606-052D-4063-9218-1379430B070E}.Debug|Mixed Platforms.ActiveCfg = Debug|Any CPU
		{2E646606-052D-4063-9218-1379430B070E}.Debug|Mixed Platforms.Build.0 = Debug|Any CPU
		{2E646606-052D-4063-9218-1379430B070E}.Debug|x86.ActiveCfg = Debug|Any CPU
		{2E646606-052D-4063-9218-1379430B070E}.Release|Any CPU.ActiveCfg = Release|Any CPU
		{2E646606-052D-4063-9218-1379430B070E}.Release|Any CPU.Build.0 = Release|Any CPU
		{2E646606-052D-4063-9218-1379430B070E}.Release|Mixed Platforms.ActiveCfg = Release|Any CPU
		{2E646606-052D-4063-9218-1379430B070E}.Release|Mixed Platforms.Build.0 = Release|Any CPU
		{2E646606-052D-4063-9218-1379430B070E}.Release|x86.ActiveCfg = Release|Any CPU
		{2AD4C04C-5B8A-4E69-9B1C-402CB86860A7}.Debug|Any CPU.ActiveCfg = Debug|Any CPU
		{2AD4C04C-5B8A-4E69-9B1C-402CB86860A7}.Debug|Any CPU.Build.0 = Debug|Any CPU
		{2AD4C04C-5B8A-4E69-9B1C-402CB86860A7}.Debug|Mixed Platforms.ActiveCfg = Debug|Any CPU
		{2AD4C04C-5B8A-4E69-9B1C-402CB86860A7}.Debug|Mixed Platforms.Build.0 = Debug|Any CPU
		{2AD4C04C-5B8A-4E69-9B1C-402CB86860A7}.Debug|x86.ActiveCfg = Debug|Any CPU
		{2AD4C04C-5B8A-4E69-9B1C-402CB86860A7}.Release|Any CPU.ActiveCfg = Release|Any CPU
		{2AD4C04C-5B8A-4E69-9B1C-402CB86860A7}.Release|Any CPU.Build.0 = Release|Any CPU
		{2AD4C04C-5B8A-4E69-9B1C-402CB86860A7}.Release|Mixed Platforms.ActiveCfg = Release|Any CPU
		{2AD4C04C-5B8A-4E69-9B1C-402CB86860A7}.Release|Mixed Platforms.Build.0 = Release|Any CPU
		{2AD4C04C-5B8A-4E69-9B1C-402CB86860A7}.Release|x86.ActiveCfg = Release|Any CPU
		{A8A2C6D7-58CF-4DA2-A754-C9686173B5EE}.Debug|Any CPU.ActiveCfg = Debug|Any CPU
		{A8A2C6D7-58CF-4DA2-A754-C9686173B5EE}.Debug|Any CPU.Build.0 = Debug|Any CPU
		{A8A2C6D7-58CF-4DA2-A754-C9686173B5EE}.Debug|Mixed Platforms.ActiveCfg = Debug|Any CPU
		{A8A2C6D7-58CF-4DA2-A754-C9686173B5EE}.Debug|Mixed Platforms.Build.0 = Debug|Any CPU
		{A8A2C6D7-58CF-4DA2-A754-C9686173B5EE}.Debug|x86.ActiveCfg = Debug|Any CPU
		{A8A2C6D7-58CF-4DA2-A754-C9686173B5EE}.Release|Any CPU.ActiveCfg = Release|Any CPU
		{A8A2C6D7-58CF-4DA2-A754-C9686173B5EE}.Release|Any CPU.Build.0 = Release|Any CPU
		{A8A2C6D7-58CF-4DA2-A754-C9686173B5EE}.Release|Mixed Platforms.ActiveCfg = Release|Any CPU
		{A8A2C6D7-58CF-4DA2-A754-C9686173B5EE}.Release|Mixed Platforms.Build.0 = Release|Any CPU
		{A8A2C6D7-58CF-4DA2-A754-C9686173B5EE}.Release|x86.ActiveCfg = Release|Any CPU
		{D5FBE9D8-DFAE-49F0-B9DA-0795B98D887F}.Debug|Any CPU.ActiveCfg = Debug|Any CPU
		{D5FBE9D8-DFAE-49F0-B9DA-0795B98D887F}.Debug|Any CPU.Build.0 = Debug|Any CPU
		{D5FBE9D8-DFAE-49F0-B9DA-0795B98D887F}.Debug|Mixed Platforms.ActiveCfg = Debug|Any CPU
		{D5FBE9D8-DFAE-49F0-B9DA-0795B98D887F}.Debug|Mixed Platforms.Build.0 = Debug|Any CPU
		{D5FBE9D8-DFAE-49F0-B9DA-0795B98D887F}.Debug|x86.ActiveCfg = Debug|Any CPU
		{D5FBE9D8-DFAE-49F0-B9DA-0795B98D887F}.Release|Any CPU.ActiveCfg = Release|Any CPU
		{D5FBE9D8-DFAE-49F0-B9DA-0795B98D887F}.Release|Any CPU.Build.0 = Release|Any CPU
		{D5FBE9D8-DFAE-49F0-B9DA-0795B98D887F}.Release|Mixed Platforms.ActiveCfg = Release|Any CPU
		{D5FBE9D8-DFAE-49F0-B9DA-0795B98D887F}.Release|Mixed Platforms.Build.0 = Release|Any CPU
		{D5FBE9D8-DFAE-49F0-B9DA-0795B98D887F}.Release|x86.ActiveCfg = Release|Any CPU
		{B6A88209-B71C-4045-BF3D-371BC9D21784}.Debug|Any CPU.ActiveCfg = Debug|Any CPU
		{B6A88209-B71C-4045-BF3D-371BC9D21784}.Debug|Any CPU.Build.0 = Debug|Any CPU
		{B6A88209-B71C-4045-BF3D-371BC9D21784}.Debug|Mixed Platforms.ActiveCfg = Debug|Any CPU
		{B6A88209-B71C-4045-BF3D-371BC9D21784}.Debug|Mixed Platforms.Build.0 = Debug|Any CPU
		{B6A88209-B71C-4045-BF3D-371BC9D21784}.Debug|x86.ActiveCfg = Debug|Any CPU
		{B6A88209-B71C-4045-BF3D-371BC9D21784}.Release|Any CPU.ActiveCfg = Release|Any CPU
		{B6A88209-B71C-4045-BF3D-371BC9D21784}.Release|Any CPU.Build.0 = Release|Any CPU
		{B6A88209-B71C-4045-BF3D-371BC9D21784}.Release|Mixed Platforms.ActiveCfg = Release|Any CPU
		{B6A88209-B71C-4045-BF3D-371BC9D21784}.Release|Mixed Platforms.Build.0 = Release|Any CPU
		{B6A88209-B71C-4045-BF3D-371BC9D21784}.Release|x86.ActiveCfg = Release|Any CPU
		{444C01D0-53FD-49A1-9D55-267B49161357}.Debug|Any CPU.ActiveCfg = Debug|Any CPU
		{444C01D0-53FD-49A1-9D55-267B49161357}.Debug|Any CPU.Build.0 = Debug|Any CPU
		{444C01D0-53FD-49A1-9D55-267B49161357}.Debug|Mixed Platforms.ActiveCfg = Debug|Any CPU
		{444C01D0-53FD-49A1-9D55-267B49161357}.Debug|Mixed Platforms.Build.0 = Debug|Any CPU
		{444C01D0-53FD-49A1-9D55-267B49161357}.Debug|x86.ActiveCfg = Debug|Any CPU
		{444C01D0-53FD-49A1-9D55-267B49161357}.Release|Any CPU.ActiveCfg = Release|Any CPU
		{444C01D0-53FD-49A1-9D55-267B49161357}.Release|Any CPU.Build.0 = Release|Any CPU
		{444C01D0-53FD-49A1-9D55-267B49161357}.Release|Mixed Platforms.ActiveCfg = Release|Any CPU
		{444C01D0-53FD-49A1-9D55-267B49161357}.Release|Mixed Platforms.Build.0 = Release|Any CPU
		{444C01D0-53FD-49A1-9D55-267B49161357}.Release|x86.ActiveCfg = Release|Any CPU
		{CAD56B75-481B-4C76-B090-4BC2FF5E5681}.Debug|Any CPU.ActiveCfg = Debug|Any CPU
		{CAD56B75-481B-4C76-B090-4BC2FF5E5681}.Debug|Any CPU.Build.0 = Debug|Any CPU
		{CAD56B75-481B-4C76-B090-4BC2FF5E5681}.Debug|Mixed Platforms.ActiveCfg = Debug|Any CPU
		{CAD56B75-481B-4C76-B090-4BC2FF5E5681}.Debug|Mixed Platforms.Build.0 = Debug|Any CPU
		{CAD56B75-481B-4C76-B090-4BC2FF5E5681}.Debug|x86.ActiveCfg = Debug|Any CPU
		{CAD56B75-481B-4C76-B090-4BC2FF5E5681}.Release|Any CPU.ActiveCfg = Release|Any CPU
		{CAD56B75-481B-4C76-B090-4BC2FF5E5681}.Release|Any CPU.Build.0 = Release|Any CPU
		{CAD56B75-481B-4C76-B090-4BC2FF5E5681}.Release|Mixed Platforms.ActiveCfg = Release|Any CPU
		{CAD56B75-481B-4C76-B090-4BC2FF5E5681}.Release|Mixed Platforms.Build.0 = Release|Any CPU
		{CAD56B75-481B-4C76-B090-4BC2FF5E5681}.Release|x86.ActiveCfg = Release|Any CPU
		{125DBC33-AA7A-4F67-BD19-3D0BD6C6BA9B}.Debug|Any CPU.ActiveCfg = Debug|x86
		{125DBC33-AA7A-4F67-BD19-3D0BD6C6BA9B}.Debug|Mixed Platforms.ActiveCfg = Debug|x86
		{125DBC33-AA7A-4F67-BD19-3D0BD6C6BA9B}.Debug|x86.ActiveCfg = Debug|x86
		{125DBC33-AA7A-4F67-BD19-3D0BD6C6BA9B}.Debug|x86.Build.0 = Debug|x86
		{125DBC33-AA7A-4F67-BD19-3D0BD6C6BA9B}.Release|Any CPU.ActiveCfg = Release|x86
		{125DBC33-AA7A-4F67-BD19-3D0BD6C6BA9B}.Release|Any CPU.Build.0 = Release|x86
		{125DBC33-AA7A-4F67-BD19-3D0BD6C6BA9B}.Release|Mixed Platforms.ActiveCfg = Release|x86
		{125DBC33-AA7A-4F67-BD19-3D0BD6C6BA9B}.Release|Mixed Platforms.Build.0 = Release|x86
		{125DBC33-AA7A-4F67-BD19-3D0BD6C6BA9B}.Release|x86.ActiveCfg = Release|x86
		{125DBC33-AA7A-4F67-BD19-3D0BD6C6BA9B}.Release|x86.Build.0 = Release|x86
		{70C5EAF0-C268-4395-9CF6-115DFB502236}.Debug|Any CPU.ActiveCfg = Debug|Any CPU
		{70C5EAF0-C268-4395-9CF6-115DFB502236}.Debug|Any CPU.Build.0 = Debug|Any CPU
		{70C5EAF0-C268-4395-9CF6-115DFB502236}.Debug|Mixed Platforms.ActiveCfg = Debug|Any CPU
		{70C5EAF0-C268-4395-9CF6-115DFB502236}.Debug|Mixed Platforms.Build.0 = Debug|Any CPU
		{70C5EAF0-C268-4395-9CF6-115DFB502236}.Debug|x86.ActiveCfg = Debug|Any CPU
		{70C5EAF0-C268-4395-9CF6-115DFB502236}.Release|Any CPU.ActiveCfg = Release|Any CPU
		{70C5EAF0-C268-4395-9CF6-115DFB502236}.Release|Any CPU.Build.0 = Release|Any CPU
		{70C5EAF0-C268-4395-9CF6-115DFB502236}.Release|Mixed Platforms.ActiveCfg = Release|Any CPU
		{70C5EAF0-C268-4395-9CF6-115DFB502236}.Release|Mixed Platforms.Build.0 = Release|Any CPU
		{70C5EAF0-C268-4395-9CF6-115DFB502236}.Release|x86.ActiveCfg = Release|Any CPU
		{73F7AD40-F55C-4B68-887A-DA188BA4B4CE}.Debug|Any CPU.ActiveCfg = Debug|Any CPU
		{73F7AD40-F55C-4B68-887A-DA188BA4B4CE}.Debug|Any CPU.Build.0 = Debug|Any CPU
		{73F7AD40-F55C-4B68-887A-DA188BA4B4CE}.Debug|Mixed Platforms.ActiveCfg = Debug|Any CPU
		{73F7AD40-F55C-4B68-887A-DA188BA4B4CE}.Debug|Mixed Platforms.Build.0 = Debug|Any CPU
		{73F7AD40-F55C-4B68-887A-DA188BA4B4CE}.Debug|x86.ActiveCfg = Debug|Any CPU
		{73F7AD40-F55C-4B68-887A-DA188BA4B4CE}.Release|Any CPU.ActiveCfg = Release|Any CPU
		{73F7AD40-F55C-4B68-887A-DA188BA4B4CE}.Release|Any CPU.Build.0 = Release|Any CPU
		{73F7AD40-F55C-4B68-887A-DA188BA4B4CE}.Release|Mixed Platforms.ActiveCfg = Release|Any CPU
		{73F7AD40-F55C-4B68-887A-DA188BA4B4CE}.Release|Mixed Platforms.Build.0 = Release|Any CPU
		{73F7AD40-F55C-4B68-887A-DA188BA4B4CE}.Release|x86.ActiveCfg = Release|Any CPU
		{2A6670DA-F272-4D77-AF6E-F3710AED677E}.Debug|Any CPU.ActiveCfg = Debug|Any CPU
		{2A6670DA-F272-4D77-AF6E-F3710AED677E}.Debug|Any CPU.Build.0 = Debug|Any CPU
		{2A6670DA-F272-4D77-AF6E-F3710AED677E}.Debug|Mixed Platforms.ActiveCfg = Debug|Any CPU
		{2A6670DA-F272-4D77-AF6E-F3710AED677E}.Debug|Mixed Platforms.Build.0 = Debug|Any CPU
		{2A6670DA-F272-4D77-AF6E-F3710AED677E}.Debug|x86.ActiveCfg = Debug|Any CPU
		{2A6670DA-F272-4D77-AF6E-F3710AED677E}.Release|Any CPU.ActiveCfg = Release|Any CPU
		{2A6670DA-F272-4D77-AF6E-F3710AED677E}.Release|Any CPU.Build.0 = Release|Any CPU
		{2A6670DA-F272-4D77-AF6E-F3710AED677E}.Release|Mixed Platforms.ActiveCfg = Release|Any CPU
		{2A6670DA-F272-4D77-AF6E-F3710AED677E}.Release|Mixed Platforms.Build.0 = Release|Any CPU
		{2A6670DA-F272-4D77-AF6E-F3710AED677E}.Release|x86.ActiveCfg = Release|Any CPU
		{E4240EE0-60B3-4435-BD09-F81D56C0899A}.Debug|Any CPU.ActiveCfg = Debug|Any CPU
		{E4240EE0-60B3-4435-BD09-F81D56C0899A}.Debug|Any CPU.Build.0 = Debug|Any CPU
		{E4240EE0-60B3-4435-BD09-F81D56C0899A}.Debug|Mixed Platforms.ActiveCfg = Debug|Any CPU
		{E4240EE0-60B3-4435-BD09-F81D56C0899A}.Debug|Mixed Platforms.Build.0 = Debug|Any CPU
		{E4240EE0-60B3-4435-BD09-F81D56C0899A}.Debug|x86.ActiveCfg = Debug|Any CPU
		{E4240EE0-60B3-4435-BD09-F81D56C0899A}.Release|Any CPU.ActiveCfg = Release|Any CPU
		{E4240EE0-60B3-4435-BD09-F81D56C0899A}.Release|Any CPU.Build.0 = Release|Any CPU
		{E4240EE0-60B3-4435-BD09-F81D56C0899A}.Release|Mixed Platforms.ActiveCfg = Release|Any CPU
		{E4240EE0-60B3-4435-BD09-F81D56C0899A}.Release|Mixed Platforms.Build.0 = Release|Any CPU
		{E4240EE0-60B3-4435-BD09-F81D56C0899A}.Release|x86.ActiveCfg = Release|Any CPU
		{108EA949-8BA4-4686-88FD-AE6E75C064DD}.Debug|Any CPU.ActiveCfg = Debug|Any CPU
		{108EA949-8BA4-4686-88FD-AE6E75C064DD}.Debug|Any CPU.Build.0 = Debug|Any CPU
		{108EA949-8BA4-4686-88FD-AE6E75C064DD}.Debug|Mixed Platforms.ActiveCfg = Debug|Any CPU
		{108EA949-8BA4-4686-88FD-AE6E75C064DD}.Debug|Mixed Platforms.Build.0 = Debug|Any CPU
		{108EA949-8BA4-4686-88FD-AE6E75C064DD}.Debug|x86.ActiveCfg = Debug|Any CPU
		{108EA949-8BA4-4686-88FD-AE6E75C064DD}.Release|Any CPU.ActiveCfg = Release|Any CPU
		{108EA949-8BA4-4686-88FD-AE6E75C064DD}.Release|Any CPU.Build.0 = Release|Any CPU
		{108EA949-8BA4-4686-88FD-AE6E75C064DD}.Release|Mixed Platforms.ActiveCfg = Release|Any CPU
		{108EA949-8BA4-4686-88FD-AE6E75C064DD}.Release|Mixed Platforms.Build.0 = Release|Any CPU
		{108EA949-8BA4-4686-88FD-AE6E75C064DD}.Release|x86.ActiveCfg = Release|Any CPU
		{E82AB523-ACE9-41F5-B5D6-F2D9AD6D2576}.Debug|Any CPU.ActiveCfg = Debug|Any CPU
		{E82AB523-ACE9-41F5-B5D6-F2D9AD6D2576}.Debug|Any CPU.Build.0 = Debug|Any CPU
		{E82AB523-ACE9-41F5-B5D6-F2D9AD6D2576}.Debug|Mixed Platforms.ActiveCfg = Debug|Any CPU
		{E82AB523-ACE9-41F5-B5D6-F2D9AD6D2576}.Debug|Mixed Platforms.Build.0 = Debug|Any CPU
		{E82AB523-ACE9-41F5-B5D6-F2D9AD6D2576}.Debug|x86.ActiveCfg = Debug|Any CPU
		{E82AB523-ACE9-41F5-B5D6-F2D9AD6D2576}.Release|Any CPU.ActiveCfg = Release|Any CPU
		{E82AB523-ACE9-41F5-B5D6-F2D9AD6D2576}.Release|Any CPU.Build.0 = Release|Any CPU
		{E82AB523-ACE9-41F5-B5D6-F2D9AD6D2576}.Release|Mixed Platforms.ActiveCfg = Release|Any CPU
		{E82AB523-ACE9-41F5-B5D6-F2D9AD6D2576}.Release|Mixed Platforms.Build.0 = Release|Any CPU
		{E82AB523-ACE9-41F5-B5D6-F2D9AD6D2576}.Release|x86.ActiveCfg = Release|Any CPU
		{1505A6E5-E6F9-4408-A5C8-968417081CBD}.Debug|Any CPU.ActiveCfg = Debug|Any CPU
		{1505A6E5-E6F9-4408-A5C8-968417081CBD}.Debug|Any CPU.Build.0 = Debug|Any CPU
		{1505A6E5-E6F9-4408-A5C8-968417081CBD}.Debug|Mixed Platforms.ActiveCfg = Debug|Any CPU
		{1505A6E5-E6F9-4408-A5C8-968417081CBD}.Debug|Mixed Platforms.Build.0 = Debug|Any CPU
		{1505A6E5-E6F9-4408-A5C8-968417081CBD}.Debug|x86.ActiveCfg = Debug|Any CPU
		{1505A6E5-E6F9-4408-A5C8-968417081CBD}.Release|Any CPU.ActiveCfg = Release|Any CPU
		{1505A6E5-E6F9-4408-A5C8-968417081CBD}.Release|Any CPU.Build.0 = Release|Any CPU
		{1505A6E5-E6F9-4408-A5C8-968417081CBD}.Release|Mixed Platforms.ActiveCfg = Release|Any CPU
		{1505A6E5-E6F9-4408-A5C8-968417081CBD}.Release|Mixed Platforms.Build.0 = Release|Any CPU
		{1505A6E5-E6F9-4408-A5C8-968417081CBD}.Release|x86.ActiveCfg = Release|Any CPU
		{5035348F-344F-4822-823E-6CB4D79D80D7}.Debug|Any CPU.ActiveCfg = Debug|Any CPU
		{5035348F-344F-4822-823E-6CB4D79D80D7}.Debug|Any CPU.Build.0 = Debug|Any CPU
		{5035348F-344F-4822-823E-6CB4D79D80D7}.Debug|Mixed Platforms.ActiveCfg = Debug|Any CPU
		{5035348F-344F-4822-823E-6CB4D79D80D7}.Debug|Mixed Platforms.Build.0 = Debug|Any CPU
		{5035348F-344F-4822-823E-6CB4D79D80D7}.Debug|x86.ActiveCfg = Debug|Any CPU
		{5035348F-344F-4822-823E-6CB4D79D80D7}.Release|Any CPU.ActiveCfg = Release|Any CPU
		{5035348F-344F-4822-823E-6CB4D79D80D7}.Release|Any CPU.Build.0 = Release|Any CPU
		{5035348F-344F-4822-823E-6CB4D79D80D7}.Release|Mixed Platforms.ActiveCfg = Release|Any CPU
		{5035348F-344F-4822-823E-6CB4D79D80D7}.Release|Mixed Platforms.Build.0 = Release|Any CPU
		{5035348F-344F-4822-823E-6CB4D79D80D7}.Release|x86.ActiveCfg = Release|Any CPU
		{0B5CE6C7-757A-45C0-B695-5D4EE4E22336}.Debug|Any CPU.ActiveCfg = Debug|Any CPU
		{0B5CE6C7-757A-45C0-B695-5D4EE4E22336}.Debug|Any CPU.Build.0 = Debug|Any CPU
		{0B5CE6C7-757A-45C0-B695-5D4EE4E22336}.Debug|Mixed Platforms.ActiveCfg = Debug|Any CPU
		{0B5CE6C7-757A-45C0-B695-5D4EE4E22336}.Debug|Mixed Platforms.Build.0 = Debug|Any CPU
		{0B5CE6C7-757A-45C0-B695-5D4EE4E22336}.Debug|x86.ActiveCfg = Debug|Any CPU
		{0B5CE6C7-757A-45C0-B695-5D4EE4E22336}.Release|Any CPU.ActiveCfg = Release|Any CPU
		{0B5CE6C7-757A-45C0-B695-5D4EE4E22336}.Release|Any CPU.Build.0 = Release|Any CPU
		{0B5CE6C7-757A-45C0-B695-5D4EE4E22336}.Release|Mixed Platforms.ActiveCfg = Release|Any CPU
		{0B5CE6C7-757A-45C0-B695-5D4EE4E22336}.Release|Mixed Platforms.Build.0 = Release|Any CPU
		{0B5CE6C7-757A-45C0-B695-5D4EE4E22336}.Release|x86.ActiveCfg = Release|Any CPU
		{2A0BA1B2-A0F1-479F-9083-2EC11D6B70DF}.Debug|Any CPU.ActiveCfg = Debug|Any CPU
		{2A0BA1B2-A0F1-479F-9083-2EC11D6B70DF}.Debug|Any CPU.Build.0 = Debug|Any CPU
		{2A0BA1B2-A0F1-479F-9083-2EC11D6B70DF}.Debug|Mixed Platforms.ActiveCfg = Debug|Any CPU
		{2A0BA1B2-A0F1-479F-9083-2EC11D6B70DF}.Debug|Mixed Platforms.Build.0 = Debug|Any CPU
		{2A0BA1B2-A0F1-479F-9083-2EC11D6B70DF}.Debug|x86.ActiveCfg = Debug|Any CPU
		{2A0BA1B2-A0F1-479F-9083-2EC11D6B70DF}.Release|Any CPU.ActiveCfg = Release|Any CPU
		{2A0BA1B2-A0F1-479F-9083-2EC11D6B70DF}.Release|Any CPU.Build.0 = Release|Any CPU
		{2A0BA1B2-A0F1-479F-9083-2EC11D6B70DF}.Release|Mixed Platforms.ActiveCfg = Release|Any CPU
		{2A0BA1B2-A0F1-479F-9083-2EC11D6B70DF}.Release|Mixed Platforms.Build.0 = Release|Any CPU
		{2A0BA1B2-A0F1-479F-9083-2EC11D6B70DF}.Release|x86.ActiveCfg = Release|Any CPU
		{43D66268-9336-4118-A30E-FC43CED0E62D}.Debug|Any CPU.ActiveCfg = Debug|Any CPU
		{43D66268-9336-4118-A30E-FC43CED0E62D}.Debug|Any CPU.Build.0 = Debug|Any CPU
		{43D66268-9336-4118-A30E-FC43CED0E62D}.Debug|Mixed Platforms.ActiveCfg = Debug|Any CPU
		{43D66268-9336-4118-A30E-FC43CED0E62D}.Debug|Mixed Platforms.Build.0 = Debug|Any CPU
		{43D66268-9336-4118-A30E-FC43CED0E62D}.Debug|x86.ActiveCfg = Debug|Any CPU
		{43D66268-9336-4118-A30E-FC43CED0E62D}.Release|Any CPU.ActiveCfg = Release|Any CPU
		{43D66268-9336-4118-A30E-FC43CED0E62D}.Release|Any CPU.Build.0 = Release|Any CPU
		{43D66268-9336-4118-A30E-FC43CED0E62D}.Release|Mixed Platforms.ActiveCfg = Release|Any CPU
		{43D66268-9336-4118-A30E-FC43CED0E62D}.Release|Mixed Platforms.Build.0 = Release|Any CPU
		{43D66268-9336-4118-A30E-FC43CED0E62D}.Release|x86.ActiveCfg = Release|Any CPU
		{785A5666-FE91-4796-A720-13C9A727BA5C}.Debug|Any CPU.ActiveCfg = Debug|Any CPU
		{785A5666-FE91-4796-A720-13C9A727BA5C}.Debug|Any CPU.Build.0 = Debug|Any CPU
		{785A5666-FE91-4796-A720-13C9A727BA5C}.Debug|Mixed Platforms.ActiveCfg = Debug|Any CPU
		{785A5666-FE91-4796-A720-13C9A727BA5C}.Debug|Mixed Platforms.Build.0 = Debug|Any CPU
		{785A5666-FE91-4796-A720-13C9A727BA5C}.Debug|x86.ActiveCfg = Debug|Any CPU
		{785A5666-FE91-4796-A720-13C9A727BA5C}.Release|Any CPU.ActiveCfg = Release|Any CPU
		{785A5666-FE91-4796-A720-13C9A727BA5C}.Release|Any CPU.Build.0 = Release|Any CPU
		{785A5666-FE91-4796-A720-13C9A727BA5C}.Release|Mixed Platforms.ActiveCfg = Release|Any CPU
		{785A5666-FE91-4796-A720-13C9A727BA5C}.Release|Mixed Platforms.Build.0 = Release|Any CPU
		{785A5666-FE91-4796-A720-13C9A727BA5C}.Release|x86.ActiveCfg = Release|Any CPU
		{58436B36-D49F-4C14-92E7-EF083858003C}.Debug|Any CPU.ActiveCfg = Debug|x86
		{58436B36-D49F-4C14-92E7-EF083858003C}.Debug|Any CPU.Build.0 = Debug|x86
		{58436B36-D49F-4C14-92E7-EF083858003C}.Debug|Mixed Platforms.ActiveCfg = Debug|x86
		{58436B36-D49F-4C14-92E7-EF083858003C}.Debug|Mixed Platforms.Build.0 = Debug|x86
		{58436B36-D49F-4C14-92E7-EF083858003C}.Debug|x86.ActiveCfg = Debug|x86
		{58436B36-D49F-4C14-92E7-EF083858003C}.Debug|x86.Build.0 = Debug|x86
		{58436B36-D49F-4C14-92E7-EF083858003C}.Release|Any CPU.ActiveCfg = Release|x86
		{58436B36-D49F-4C14-92E7-EF083858003C}.Release|Any CPU.Build.0 = Release|x86
		{58436B36-D49F-4C14-92E7-EF083858003C}.Release|Mixed Platforms.ActiveCfg = Release|x86
		{58436B36-D49F-4C14-92E7-EF083858003C}.Release|Mixed Platforms.Build.0 = Release|x86
		{58436B36-D49F-4C14-92E7-EF083858003C}.Release|x86.ActiveCfg = Release|x86
		{58436B36-D49F-4C14-92E7-EF083858003C}.Release|x86.Build.0 = Release|x86
		{A4249447-3954-42AB-AF4A-AEEB007BA105}.Debug|Any CPU.ActiveCfg = Debug|x86
		{A4249447-3954-42AB-AF4A-AEEB007BA105}.Debug|Mixed Platforms.ActiveCfg = Debug|x86
		{A4249447-3954-42AB-AF4A-AEEB007BA105}.Debug|Mixed Platforms.Build.0 = Debug|x86
		{A4249447-3954-42AB-AF4A-AEEB007BA105}.Debug|x86.ActiveCfg = Debug|x86
		{A4249447-3954-42AB-AF4A-AEEB007BA105}.Debug|x86.Build.0 = Debug|x86
		{A4249447-3954-42AB-AF4A-AEEB007BA105}.Release|Any CPU.ActiveCfg = Release|x86
		{A4249447-3954-42AB-AF4A-AEEB007BA105}.Release|Mixed Platforms.ActiveCfg = Release|x86
		{A4249447-3954-42AB-AF4A-AEEB007BA105}.Release|Mixed Platforms.Build.0 = Release|x86
		{A4249447-3954-42AB-AF4A-AEEB007BA105}.Release|x86.ActiveCfg = Release|x86
		{A4249447-3954-42AB-AF4A-AEEB007BA105}.Release|x86.Build.0 = Release|x86
		{7F2C7280-F996-4548-A856-D2DFBF37489E}.Debug|Any CPU.ActiveCfg = Debug|Any CPU
		{7F2C7280-F996-4548-A856-D2DFBF37489E}.Debug|Any CPU.Build.0 = Debug|Any CPU
		{7F2C7280-F996-4548-A856-D2DFBF37489E}.Debug|Mixed Platforms.ActiveCfg = Debug|Any CPU
		{7F2C7280-F996-4548-A856-D2DFBF37489E}.Debug|Mixed Platforms.Build.0 = Debug|Any CPU
		{7F2C7280-F996-4548-A856-D2DFBF37489E}.Debug|x86.ActiveCfg = Debug|Any CPU
		{7F2C7280-F996-4548-A856-D2DFBF37489E}.Release|Any CPU.ActiveCfg = Release|Any CPU
		{7F2C7280-F996-4548-A856-D2DFBF37489E}.Release|Any CPU.Build.0 = Release|Any CPU
		{7F2C7280-F996-4548-A856-D2DFBF37489E}.Release|Mixed Platforms.ActiveCfg = Release|Any CPU
		{7F2C7280-F996-4548-A856-D2DFBF37489E}.Release|Mixed Platforms.Build.0 = Release|Any CPU
		{7F2C7280-F996-4548-A856-D2DFBF37489E}.Release|x86.ActiveCfg = Release|Any CPU
		{62F4E02B-4CBD-4DBA-9A19-C307C0DF3993}.Debug|Any CPU.ActiveCfg = Debug|x86
		{62F4E02B-4CBD-4DBA-9A19-C307C0DF3993}.Debug|Mixed Platforms.ActiveCfg = Debug|x86
		{62F4E02B-4CBD-4DBA-9A19-C307C0DF3993}.Debug|Mixed Platforms.Build.0 = Debug|x86
		{62F4E02B-4CBD-4DBA-9A19-C307C0DF3993}.Debug|x86.ActiveCfg = Debug|x86
		{62F4E02B-4CBD-4DBA-9A19-C307C0DF3993}.Debug|x86.Build.0 = Debug|x86
		{62F4E02B-4CBD-4DBA-9A19-C307C0DF3993}.Release|Any CPU.ActiveCfg = Release|x86
		{62F4E02B-4CBD-4DBA-9A19-C307C0DF3993}.Release|Mixed Platforms.ActiveCfg = Release|x86
		{62F4E02B-4CBD-4DBA-9A19-C307C0DF3993}.Release|Mixed Platforms.Build.0 = Release|x86
		{62F4E02B-4CBD-4DBA-9A19-C307C0DF3993}.Release|x86.ActiveCfg = Release|x86
		{62F4E02B-4CBD-4DBA-9A19-C307C0DF3993}.Release|x86.Build.0 = Release|x86
		{E335B93B-F816-44E9-B4BB-612FF1673637}.Debug|Any CPU.ActiveCfg = Debug|Any CPU
		{E335B93B-F816-44E9-B4BB-612FF1673637}.Debug|Any CPU.Build.0 = Debug|Any CPU
		{E335B93B-F816-44E9-B4BB-612FF1673637}.Debug|Mixed Platforms.ActiveCfg = Debug|Any CPU
		{E335B93B-F816-44E9-B4BB-612FF1673637}.Debug|Mixed Platforms.Build.0 = Debug|Any CPU
		{E335B93B-F816-44E9-B4BB-612FF1673637}.Debug|x86.ActiveCfg = Debug|Any CPU
		{E335B93B-F816-44E9-B4BB-612FF1673637}.Release|Any CPU.ActiveCfg = Release|Any CPU
		{E335B93B-F816-44E9-B4BB-612FF1673637}.Release|Any CPU.Build.0 = Release|Any CPU
		{E335B93B-F816-44E9-B4BB-612FF1673637}.Release|Mixed Platforms.ActiveCfg = Release|Any CPU
		{E335B93B-F816-44E9-B4BB-612FF1673637}.Release|Mixed Platforms.Build.0 = Release|Any CPU
		{E335B93B-F816-44E9-B4BB-612FF1673637}.Release|x86.ActiveCfg = Release|Any CPU
		{8E3FC372-5F2A-4885-9667-83B41A325E4B}.Debug|Any CPU.ActiveCfg = Debug|x86
		{8E3FC372-5F2A-4885-9667-83B41A325E4B}.Debug|Mixed Platforms.ActiveCfg = Debug|x86
		{8E3FC372-5F2A-4885-9667-83B41A325E4B}.Debug|Mixed Platforms.Build.0 = Debug|x86
		{8E3FC372-5F2A-4885-9667-83B41A325E4B}.Debug|x86.ActiveCfg = Debug|x86
		{8E3FC372-5F2A-4885-9667-83B41A325E4B}.Debug|x86.Build.0 = Debug|x86
		{8E3FC372-5F2A-4885-9667-83B41A325E4B}.Release|Any CPU.ActiveCfg = Release|x86
		{8E3FC372-5F2A-4885-9667-83B41A325E4B}.Release|Mixed Platforms.ActiveCfg = Release|x86
		{8E3FC372-5F2A-4885-9667-83B41A325E4B}.Release|Mixed Platforms.Build.0 = Release|x86
		{8E3FC372-5F2A-4885-9667-83B41A325E4B}.Release|x86.ActiveCfg = Release|x86
		{8E3FC372-5F2A-4885-9667-83B41A325E4B}.Release|x86.Build.0 = Release|x86
		{7FF9B713-8D36-4887-BF50-2B9E2B28808D}.Debug|Any CPU.ActiveCfg = Debug|Any CPU
		{7FF9B713-8D36-4887-BF50-2B9E2B28808D}.Debug|Any CPU.Build.0 = Debug|Any CPU
		{7FF9B713-8D36-4887-BF50-2B9E2B28808D}.Debug|Mixed Platforms.ActiveCfg = Debug|x86
		{7FF9B713-8D36-4887-BF50-2B9E2B28808D}.Debug|Mixed Platforms.Build.0 = Debug|x86
		{7FF9B713-8D36-4887-BF50-2B9E2B28808D}.Debug|x86.ActiveCfg = Debug|x86
		{7FF9B713-8D36-4887-BF50-2B9E2B28808D}.Debug|x86.Build.0 = Debug|x86
		{7FF9B713-8D36-4887-BF50-2B9E2B28808D}.Release|Any CPU.ActiveCfg = Release|Any CPU
		{7FF9B713-8D36-4887-BF50-2B9E2B28808D}.Release|Any CPU.Build.0 = Release|Any CPU
		{7FF9B713-8D36-4887-BF50-2B9E2B28808D}.Release|Mixed Platforms.ActiveCfg = Release|x86
		{7FF9B713-8D36-4887-BF50-2B9E2B28808D}.Release|Mixed Platforms.Build.0 = Release|x86
		{7FF9B713-8D36-4887-BF50-2B9E2B28808D}.Release|x86.ActiveCfg = Release|x86
		{7FF9B713-8D36-4887-BF50-2B9E2B28808D}.Release|x86.Build.0 = Release|x86
		{EBD65A1F-9A23-4A42-81C1-40D03D50A6F5}.Debug|Any CPU.ActiveCfg = Debug|x86
		{EBD65A1F-9A23-4A42-81C1-40D03D50A6F5}.Debug|Mixed Platforms.ActiveCfg = Debug|x86
		{EBD65A1F-9A23-4A42-81C1-40D03D50A6F5}.Debug|Mixed Platforms.Build.0 = Debug|x86
		{EBD65A1F-9A23-4A42-81C1-40D03D50A6F5}.Debug|x86.ActiveCfg = Debug|x86
		{EBD65A1F-9A23-4A42-81C1-40D03D50A6F5}.Debug|x86.Build.0 = Debug|x86
		{EBD65A1F-9A23-4A42-81C1-40D03D50A6F5}.Release|Any CPU.ActiveCfg = Release|x86
		{EBD65A1F-9A23-4A42-81C1-40D03D50A6F5}.Release|Mixed Platforms.ActiveCfg = Release|x86
		{EBD65A1F-9A23-4A42-81C1-40D03D50A6F5}.Release|Mixed Platforms.Build.0 = Release|x86
		{EBD65A1F-9A23-4A42-81C1-40D03D50A6F5}.Release|x86.ActiveCfg = Release|x86
		{EBD65A1F-9A23-4A42-81C1-40D03D50A6F5}.Release|x86.Build.0 = Release|x86
		{8F9BA4D3-D6AF-42A6-B74F-0DF6568C148B}.Debug|Any CPU.ActiveCfg = Debug|Any CPU
		{8F9BA4D3-D6AF-42A6-B74F-0DF6568C148B}.Debug|Any CPU.Build.0 = Debug|Any CPU
		{8F9BA4D3-D6AF-42A6-B74F-0DF6568C148B}.Debug|Mixed Platforms.ActiveCfg = Debug|Any CPU
		{8F9BA4D3-D6AF-42A6-B74F-0DF6568C148B}.Debug|Mixed Platforms.Build.0 = Debug|Any CPU
		{8F9BA4D3-D6AF-42A6-B74F-0DF6568C148B}.Debug|x86.ActiveCfg = Debug|Any CPU
		{8F9BA4D3-D6AF-42A6-B74F-0DF6568C148B}.Release|Any CPU.ActiveCfg = Release|Any CPU
		{8F9BA4D3-D6AF-42A6-B74F-0DF6568C148B}.Release|Any CPU.Build.0 = Release|Any CPU
		{8F9BA4D3-D6AF-42A6-B74F-0DF6568C148B}.Release|Mixed Platforms.ActiveCfg = Release|Any CPU
		{8F9BA4D3-D6AF-42A6-B74F-0DF6568C148B}.Release|Mixed Platforms.Build.0 = Release|Any CPU
		{8F9BA4D3-D6AF-42A6-B74F-0DF6568C148B}.Release|x86.ActiveCfg = Release|Any CPU
		{DCE973AD-D647-4989-8F16-F43FF7E058A2}.Debug|Any CPU.ActiveCfg = Debug|x86
		{DCE973AD-D647-4989-8F16-F43FF7E058A2}.Debug|Mixed Platforms.ActiveCfg = Debug|x86
		{DCE973AD-D647-4989-8F16-F43FF7E058A2}.Debug|Mixed Platforms.Build.0 = Debug|x86
		{DCE973AD-D647-4989-8F16-F43FF7E058A2}.Debug|x86.ActiveCfg = Debug|x86
		{DCE973AD-D647-4989-8F16-F43FF7E058A2}.Debug|x86.Build.0 = Debug|x86
		{DCE973AD-D647-4989-8F16-F43FF7E058A2}.Release|Any CPU.ActiveCfg = Release|x86
		{DCE973AD-D647-4989-8F16-F43FF7E058A2}.Release|Mixed Platforms.ActiveCfg = Release|x86
		{DCE973AD-D647-4989-8F16-F43FF7E058A2}.Release|Mixed Platforms.Build.0 = Release|x86
		{DCE973AD-D647-4989-8F16-F43FF7E058A2}.Release|x86.ActiveCfg = Release|x86
		{DCE973AD-D647-4989-8F16-F43FF7E058A2}.Release|x86.Build.0 = Release|x86
		{75769E19-2CCC-4DF0-88D9-CBAC14BB6329}.Debug|Any CPU.ActiveCfg = Debug|Any CPU
		{75769E19-2CCC-4DF0-88D9-CBAC14BB6329}.Debug|Any CPU.Build.0 = Debug|Any CPU
		{75769E19-2CCC-4DF0-88D9-CBAC14BB6329}.Debug|Mixed Platforms.ActiveCfg = Debug|Any CPU
		{75769E19-2CCC-4DF0-88D9-CBAC14BB6329}.Debug|Mixed Platforms.Build.0 = Debug|Any CPU
		{75769E19-2CCC-4DF0-88D9-CBAC14BB6329}.Debug|x86.ActiveCfg = Debug|Any CPU
		{75769E19-2CCC-4DF0-88D9-CBAC14BB6329}.Release|Any CPU.ActiveCfg = Release|Any CPU
		{75769E19-2CCC-4DF0-88D9-CBAC14BB6329}.Release|Any CPU.Build.0 = Release|Any CPU
		{75769E19-2CCC-4DF0-88D9-CBAC14BB6329}.Release|Mixed Platforms.ActiveCfg = Release|Any CPU
		{75769E19-2CCC-4DF0-88D9-CBAC14BB6329}.Release|Mixed Platforms.Build.0 = Release|Any CPU
		{75769E19-2CCC-4DF0-88D9-CBAC14BB6329}.Release|x86.ActiveCfg = Release|Any CPU
		{C5AAB10A-8D08-419F-9D5C-2FC78FEF8B53}.Debug|Any CPU.ActiveCfg = Debug|Any CPU
		{C5AAB10A-8D08-419F-9D5C-2FC78FEF8B53}.Debug|Any CPU.Build.0 = Debug|Any CPU
		{C5AAB10A-8D08-419F-9D5C-2FC78FEF8B53}.Debug|Mixed Platforms.ActiveCfg = Debug|Any CPU
		{C5AAB10A-8D08-419F-9D5C-2FC78FEF8B53}.Debug|Mixed Platforms.Build.0 = Debug|Any CPU
		{C5AAB10A-8D08-419F-9D5C-2FC78FEF8B53}.Debug|x86.ActiveCfg = Debug|Any CPU
		{C5AAB10A-8D08-419F-9D5C-2FC78FEF8B53}.Release|Any CPU.ActiveCfg = Release|Any CPU
		{C5AAB10A-8D08-419F-9D5C-2FC78FEF8B53}.Release|Any CPU.Build.0 = Release|Any CPU
		{C5AAB10A-8D08-419F-9D5C-2FC78FEF8B53}.Release|Mixed Platforms.ActiveCfg = Release|Any CPU
		{C5AAB10A-8D08-419F-9D5C-2FC78FEF8B53}.Release|Mixed Platforms.Build.0 = Release|Any CPU
		{C5AAB10A-8D08-419F-9D5C-2FC78FEF8B53}.Release|x86.ActiveCfg = Release|Any CPU
	EndGlobalSection
	GlobalSection(SolutionProperties) = preSolution
		HideSolutionNode = FALSE
	EndGlobalSection
	GlobalSection(NestedProjects) = preSolution
		{CAD56B75-481B-4C76-B090-4BC2FF5E5681} = {C6DE47A1-1707-4139-9638-37CA983F3086}
		{5035348F-344F-4822-823E-6CB4D79D80D7} = {C6DE47A1-1707-4139-9638-37CA983F3086}
		{43D66268-9336-4118-A30E-FC43CED0E62D} = {C6DE47A1-1707-4139-9638-37CA983F3086}
		{7FF9B713-8D36-4887-BF50-2B9E2B28808D} = {C6DE47A1-1707-4139-9638-37CA983F3086}
		{D5FBE9D8-DFAE-49F0-B9DA-0795B98D887F} = {36E4D3C5-28FD-46B9-8763-C3316F67C6BE}
		{B6A88209-B71C-4045-BF3D-371BC9D21784} = {36E4D3C5-28FD-46B9-8763-C3316F67C6BE}
		{70C5EAF0-C268-4395-9CF6-115DFB502236} = {36E4D3C5-28FD-46B9-8763-C3316F67C6BE}
		{2A6670DA-F272-4D77-AF6E-F3710AED677E} = {36E4D3C5-28FD-46B9-8763-C3316F67C6BE}
		{E82AB523-ACE9-41F5-B5D6-F2D9AD6D2576} = {36E4D3C5-28FD-46B9-8763-C3316F67C6BE}
		{58436B36-D49F-4C14-92E7-EF083858003C} = {36E4D3C5-28FD-46B9-8763-C3316F67C6BE}
		{8E3FC372-5F2A-4885-9667-83B41A325E4B} = {36E4D3C5-28FD-46B9-8763-C3316F67C6BE}
		{125DBC33-AA7A-4F67-BD19-3D0BD6C6BA9B} = {F2DEFE3C-291D-4F9B-A01C-4EEA7988A183}
		{A4249447-3954-42AB-AF4A-AEEB007BA105} = {F2DEFE3C-291D-4F9B-A01C-4EEA7988A183}
		{EBD65A1F-9A23-4A42-81C1-40D03D50A6F5} = {F2DEFE3C-291D-4F9B-A01C-4EEA7988A183}
		{DCE973AD-D647-4989-8F16-F43FF7E058A2} = {F2DEFE3C-291D-4F9B-A01C-4EEA7988A183}
		{73F7AD40-F55C-4B68-887A-DA188BA4B4CE} = {984497B5-C76B-49C3-9C6D-00E25252DD93}
		{1505A6E5-E6F9-4408-A5C8-968417081CBD} = {984497B5-C76B-49C3-9C6D-00E25252DD93}
		{0B5CE6C7-757A-45C0-B695-5D4EE4E22336} = {FB780BE9-6525-4B6F-AC3B-C0573EA74D32}
		{2A0BA1B2-A0F1-479F-9083-2EC11D6B70DF} = {FB780BE9-6525-4B6F-AC3B-C0573EA74D32}
		{75769E19-2CCC-4DF0-88D9-CBAC14BB6329} = {78A832C5-F1BB-4A1F-95FD-6531DDA2E9EE}
		{C5AAB10A-8D08-419F-9D5C-2FC78FEF8B53} = {78A832C5-F1BB-4A1F-95FD-6531DDA2E9EE}
	EndGlobalSection
EndGlobal
