
Microsoft Visual Studio Solution File, Format Version 10.00
# Visual Studio 2008
Project("{2150E333-8FDC-42A3-9474-1A3956D46DE8}") = "GUI controls", "GUI controls", "{C6DE47A1-1707-4139-9638-37CA983F3086}"
EndProject
Project("{2150E333-8FDC-42A3-9474-1A3956D46DE8}") = "Test projects", "Test projects", "{36E4D3C5-28FD-46B9-8763-C3316F67C6BE}"
EndProject
Project("{FAE04EC0-301F-11D3-BF4B-00C04F79EFBC}") = "TreeDim.StackBuilder.Engine", "TreeDim.StackBuilder.Engine\TreeDim.StackBuilder.Engine.csproj", "{2E646606-052D-4063-9218-1379430B070E}"
EndProject
Project("{FAE04EC0-301F-11D3-BF4B-00C04F79EFBC}") = "Sharp3D.Math", "Sharp3D.Math\Sharp3D.Math.csproj", "{87F1FC0B-C544-4D99-9BF7-21F2CB09A596}"
EndProject
Project("{FAE04EC0-301F-11D3-BF4B-00C04F79EFBC}") = "TreeDim.StackBuilder.Graphics", "TreeDim.StackBuilder.Graphic\TreeDim.StackBuilder.Graphics.csproj", "{2AD4C04C-5B8A-4E69-9B1C-402CB86860A7}"
EndProject
Project("{FAE04EC0-301F-11D3-BF4B-00C04F79EFBC}") = "TreeDim.StackBuilder.Desktop", "TreeDim.StackBuilder.Desktop\TreeDim.StackBuilder.Desktop.csproj", "{A8A2C6D7-58CF-4DA2-A754-C9686173B5EE}"
	ProjectSection(ProjectDependencies) = postProject
		{1505A6E5-E6F9-4408-A5C8-968417081CBD} = {1505A6E5-E6F9-4408-A5C8-968417081CBD}
	EndProjectSection
EndProject
Project("{FAE04EC0-301F-11D3-BF4B-00C04F79EFBC}") = "TreeDim.StackBuilder.Graphics.Test", "TreeDim.StackBuilder.Graphics.Test\TreeDim.StackBuilder.Graphics.Test.csproj", "{D5FBE9D8-DFAE-49F0-B9DA-0795B98D887F}"
EndProject
Project("{FAE04EC0-301F-11D3-BF4B-00C04F79EFBC}") = "TreeDim.StackBuilder.Engine.Test", "TreeDim.StackBuilder.Engine.Test\TreeDim.StackBuilder.Engine.Test.csproj", "{B6A88209-B71C-4045-BF3D-371BC9D21784}"
EndProject
Project("{FAE04EC0-301F-11D3-BF4B-00C04F79EFBC}") = "TreeDim.StackBuilder.Basics", "TreeDim.StackBuilder.Basics\TreeDim.StackBuilder.Basics.csproj", "{444C01D0-53FD-49A1-9D55-267B49161357}"
EndProject
Project("{FAE04EC0-301F-11D3-BF4B-00C04F79EFBC}") = "OfficePickers", "OfficePickers\OfficePickers.csproj", "{CAD56B75-481B-4C76-B090-4BC2FF5E5681}"
EndProject
Project("{930C7802-8A8C-48F9-8165-68863BCCD9DD}") = "SetupSB", "SetupSB\SetupSB.wixproj", "{125DBC33-AA7A-4F67-BD19-3D0BD6C6BA9B}"
	ProjectSection(ProjectDependencies) = postProject
		{2E646606-052D-4063-9218-1379430B070E} = {2E646606-052D-4063-9218-1379430B070E}
		{87F1FC0B-C544-4D99-9BF7-21F2CB09A596} = {87F1FC0B-C544-4D99-9BF7-21F2CB09A596}
		{2AD4C04C-5B8A-4E69-9B1C-402CB86860A7} = {2AD4C04C-5B8A-4E69-9B1C-402CB86860A7}
		{CAD56B75-481B-4C76-B090-4BC2FF5E5681} = {CAD56B75-481B-4C76-B090-4BC2FF5E5681}
		{444C01D0-53FD-49A1-9D55-267B49161357} = {444C01D0-53FD-49A1-9D55-267B49161357}
		{A8A2C6D7-58CF-4DA2-A754-C9686173B5EE} = {A8A2C6D7-58CF-4DA2-A754-C9686173B5EE}
		{1505A6E5-E6F9-4408-A5C8-968417081CBD} = {1505A6E5-E6F9-4408-A5C8-968417081CBD}
	EndProjectSection
EndProject
Project("{FAE04EC0-301F-11D3-BF4B-00C04F79EFBC}") = "TreeDim.StackBuilder.ReportingMSWord", "TreeDim.StackBuilder.ReportingMSWord\TreeDim.StackBuilder.ReportingMSWord.csproj", "{1505A6E5-E6F9-4408-A5C8-968417081CBD}"
	ProjectSection(ProjectDependencies) = postProject
		{2E646606-052D-4063-9218-1379430B070E} = {2E646606-052D-4063-9218-1379430B070E}
	EndProjectSection
EndProject
Project("{FAE04EC0-301F-11D3-BF4B-00C04F79EFBC}") = "TreeDim.StackBuilder.ReportingMSWord.Test", "TreeDim.StackBuilder.ReportingMSWord.Test\TreeDim.StackBuilder.ReportingMSWord.Test.csproj", "{E82AB523-ACE9-41F5-B5D6-F2D9AD6D2576}"
EndProject
Project("{2150E333-8FDC-42A3-9474-1A3956D46DE8}") = "Setup", "Setup", "{F2DEFE3C-291D-4F9B-A01C-4EEA7988A183}"
EndProject
Project("{FAE04EC0-301F-11D3-BF4B-00C04F79EFBC}") = "TreeDim.StackBuilder.Graphics.NUnit", "TreeDim.StackBuilder.Graphics.NUnit\TreeDim.StackBuilder.Graphics.NUnit.csproj", "{92AD5826-59DB-459E-9318-E4CE1137B412}"
EndProject
Project("{FAE04EC0-301F-11D3-BF4B-00C04F79EFBC}") = "TreeDim.StackBuilder.Graphics.BoxelOrderer.Test", "Test\TreeDim.Stackbuilder.Graphics.BoxelOrderer.Test\TreeDim.StackBuilder.Graphics.BoxelOrderer.Test.csproj", "{70C5EAF0-C268-4395-9CF6-115DFB502236}"
EndProject
Project("{FAE04EC0-301F-11D3-BF4B-00C04F79EFBC}") = "TreeDim.StackBuilder.Reporting.XsltGenerator", "TreeDim.StackBuilder.Reporting.XsltGenerator\TreeDim.StackBuilder.Reporting.XsltGenerator.csproj", "{73F7AD40-F55C-4B68-887A-DA188BA4B4CE}"
EndProject
Global
	GlobalSection(SolutionConfigurationPlatforms) = preSolution
		Debug|Any CPU = Debug|Any CPU
		Debug|Mixed Platforms = Debug|Mixed Platforms
		Debug|x86 = Debug|x86
		Release|Any CPU = Release|Any CPU
		Release|Mixed Platforms = Release|Mixed Platforms
		Release|x86 = Release|x86
	EndGlobalSection
	GlobalSection(ProjectConfigurationPlatforms) = postSolution
		{2E646606-052D-4063-9218-1379430B070E}.Debug|Any CPU.ActiveCfg = Debug|Any CPU
		{2E646606-052D-4063-9218-1379430B070E}.Debug|Any CPU.Build.0 = Debug|Any CPU
		{2E646606-052D-4063-9218-1379430B070E}.Debug|Mixed Platforms.ActiveCfg = Debug|Any CPU
		{2E646606-052D-4063-9218-1379430B070E}.Debug|Mixed Platforms.Build.0 = Debug|Any CPU
		{2E646606-052D-4063-9218-1379430B070E}.Debug|x86.ActiveCfg = Debug|Any CPU
		{2E646606-052D-4063-9218-1379430B070E}.Release|Any CPU.ActiveCfg = Release|Any CPU
		{2E646606-052D-4063-9218-1379430B070E}.Release|Any CPU.Build.0 = Release|Any CPU
		{2E646606-052D-4063-9218-1379430B070E}.Release|Mixed Platforms.ActiveCfg = Release|Any CPU
		{2E646606-052D-4063-9218-1379430B070E}.Release|Mixed Platforms.Build.0 = Release|Any CPU
		{2E646606-052D-4063-9218-1379430B070E}.Release|x86.ActiveCfg = Release|Any CPU
		{87F1FC0B-C544-4D99-9BF7-21F2CB09A596}.Debug|Any CPU.ActiveCfg = Debug|Any CPU
		{87F1FC0B-C544-4D99-9BF7-21F2CB09A596}.Debug|Any CPU.Build.0 = Debug|Any CPU
		{87F1FC0B-C544-4D99-9BF7-21F2CB09A596}.Debug|Mixed Platforms.ActiveCfg = Debug|Any CPU
		{87F1FC0B-C544-4D99-9BF7-21F2CB09A596}.Debug|Mixed Platforms.Build.0 = Debug|Any CPU
		{87F1FC0B-C544-4D99-9BF7-21F2CB09A596}.Debug|x86.ActiveCfg = Debug|Any CPU
		{87F1FC0B-C544-4D99-9BF7-21F2CB09A596}.Release|Any CPU.ActiveCfg = Release|Any CPU
		{87F1FC0B-C544-4D99-9BF7-21F2CB09A596}.Release|Any CPU.Build.0 = Release|Any CPU
		{87F1FC0B-C544-4D99-9BF7-21F2CB09A596}.Release|Mixed Platforms.ActiveCfg = Release|Any CPU
		{87F1FC0B-C544-4D99-9BF7-21F2CB09A596}.Release|Mixed Platforms.Build.0 = Release|Any CPU
		{87F1FC0B-C544-4D99-9BF7-21F2CB09A596}.Release|x86.ActiveCfg = Release|Any CPU
		{2AD4C04C-5B8A-4E69-9B1C-402CB86860A7}.Debug|Any CPU.ActiveCfg = Debug|Any CPU
		{2AD4C04C-5B8A-4E69-9B1C-402CB86860A7}.Debug|Any CPU.Build.0 = Debug|Any CPU
		{2AD4C04C-5B8A-4E69-9B1C-402CB86860A7}.Debug|Mixed Platforms.ActiveCfg = Debug|Any CPU
		{2AD4C04C-5B8A-4E69-9B1C-402CB86860A7}.Debug|Mixed Platforms.Build.0 = Debug|Any CPU
		{2AD4C04C-5B8A-4E69-9B1C-402CB86860A7}.Debug|x86.ActiveCfg = Debug|Any CPU
		{2AD4C04C-5B8A-4E69-9B1C-402CB86860A7}.Release|Any CPU.ActiveCfg = Release|Any CPU
		{2AD4C04C-5B8A-4E69-9B1C-402CB86860A7}.Release|Any CPU.Build.0 = Release|Any CPU
		{2AD4C04C-5B8A-4E69-9B1C-402CB86860A7}.Release|Mixed Platforms.ActiveCfg = Release|Any CPU
		{2AD4C04C-5B8A-4E69-9B1C-402CB86860A7}.Release|Mixed Platforms.Build.0 = Release|Any CPU
		{2AD4C04C-5B8A-4E69-9B1C-402CB86860A7}.Release|x86.ActiveCfg = Release|Any CPU
		{A8A2C6D7-58CF-4DA2-A754-C9686173B5EE}.Debug|Any CPU.ActiveCfg = Debug|Any CPU
		{A8A2C6D7-58CF-4DA2-A754-C9686173B5EE}.Debug|Any CPU.Build.0 = Debug|Any CPU
		{A8A2C6D7-58CF-4DA2-A754-C9686173B5EE}.Debug|Mixed Platforms.ActiveCfg = Debug|Any CPU
		{A8A2C6D7-58CF-4DA2-A754-C9686173B5EE}.Debug|Mixed Platforms.Build.0 = Debug|Any CPU
		{A8A2C6D7-58CF-4DA2-A754-C9686173B5EE}.Debug|x86.ActiveCfg = Debug|Any CPU
		{A8A2C6D7-58CF-4DA2-A754-C9686173B5EE}.Release|Any CPU.ActiveCfg = Release|Any CPU
		{A8A2C6D7-58CF-4DA2-A754-C9686173B5EE}.Release|Any CPU.Build.0 = Release|Any CPU
		{A8A2C6D7-58CF-4DA2-A754-C9686173B5EE}.Release|Mixed Platforms.ActiveCfg = Release|Any CPU
		{A8A2C6D7-58CF-4DA2-A754-C9686173B5EE}.Release|Mixed Platforms.Build.0 = Release|Any CPU
		{A8A2C6D7-58CF-4DA2-A754-C9686173B5EE}.Release|x86.ActiveCfg = Release|Any CPU
		{D5FBE9D8-DFAE-49F0-B9DA-0795B98D887F}.Debug|Any CPU.ActiveCfg = Debug|Any CPU
		{D5FBE9D8-DFAE-49F0-B9DA-0795B98D887F}.Debug|Any CPU.Build.0 = Debug|Any CPU
		{D5FBE9D8-DFAE-49F0-B9DA-0795B98D887F}.Debug|Mixed Platforms.ActiveCfg = Debug|Any CPU
		{D5FBE9D8-DFAE-49F0-B9DA-0795B98D887F}.Debug|Mixed Platforms.Build.0 = Debug|Any CPU
		{D5FBE9D8-DFAE-49F0-B9DA-0795B98D887F}.Debug|x86.ActiveCfg = Debug|Any CPU
		{D5FBE9D8-DFAE-49F0-B9DA-0795B98D887F}.Release|Any CPU.ActiveCfg = Release|Any CPU
		{D5FBE9D8-DFAE-49F0-B9DA-0795B98D887F}.Release|Any CPU.Build.0 = Release|Any CPU
		{D5FBE9D8-DFAE-49F0-B9DA-0795B98D887F}.Release|Mixed Platforms.ActiveCfg = Release|Any CPU
		{D5FBE9D8-DFAE-49F0-B9DA-0795B98D887F}.Release|Mixed Platforms.Build.0 = Release|Any CPU
		{D5FBE9D8-DFAE-49F0-B9DA-0795B98D887F}.Release|x86.ActiveCfg = Release|Any CPU
		{B6A88209-B71C-4045-BF3D-371BC9D21784}.Debug|Any CPU.ActiveCfg = Debug|Any CPU
		{B6A88209-B71C-4045-BF3D-371BC9D21784}.Debug|Any CPU.Build.0 = Debug|Any CPU
		{B6A88209-B71C-4045-BF3D-371BC9D21784}.Debug|Mixed Platforms.ActiveCfg = Debug|Any CPU
		{B6A88209-B71C-4045-BF3D-371BC9D21784}.Debug|Mixed Platforms.Build.0 = Debug|Any CPU
		{B6A88209-B71C-4045-BF3D-371BC9D21784}.Debug|x86.ActiveCfg = Debug|Any CPU
		{B6A88209-B71C-4045-BF3D-371BC9D21784}.Release|Any CPU.ActiveCfg = Release|Any CPU
		{B6A88209-B71C-4045-BF3D-371BC9D21784}.Release|Any CPU.Build.0 = Release|Any CPU
		{B6A88209-B71C-4045-BF3D-371BC9D21784}.Release|Mixed Platforms.ActiveCfg = Release|Any CPU
		{B6A88209-B71C-4045-BF3D-371BC9D21784}.Release|Mixed Platforms.Build.0 = Release|Any CPU
		{B6A88209-B71C-4045-BF3D-371BC9D21784}.Release|x86.ActiveCfg = Release|Any CPU
		{444C01D0-53FD-49A1-9D55-267B49161357}.Debug|Any CPU.ActiveCfg = Debug|Any CPU
		{444C01D0-53FD-49A1-9D55-267B49161357}.Debug|Any CPU.Build.0 = Debug|Any CPU
		{444C01D0-53FD-49A1-9D55-267B49161357}.Debug|Mixed Platforms.ActiveCfg = Debug|Any CPU
		{444C01D0-53FD-49A1-9D55-267B49161357}.Debug|Mixed Platforms.Build.0 = Debug|Any CPU
		{444C01D0-53FD-49A1-9D55-267B49161357}.Debug|x86.ActiveCfg = Debug|Any CPU
		{444C01D0-53FD-49A1-9D55-267B49161357}.Release|Any CPU.ActiveCfg = Release|Any CPU
		{444C01D0-53FD-49A1-9D55-267B49161357}.Release|Any CPU.Build.0 = Release|Any CPU
		{444C01D0-53FD-49A1-9D55-267B49161357}.Release|Mixed Platforms.ActiveCfg = Release|Any CPU
		{444C01D0-53FD-49A1-9D55-267B49161357}.Release|Mixed Platforms.Build.0 = Release|Any CPU
		{444C01D0-53FD-49A1-9D55-267B49161357}.Release|x86.ActiveCfg = Release|Any CPU
		{CAD56B75-481B-4C76-B090-4BC2FF5E5681}.Debug|Any CPU.ActiveCfg = Debug|Any CPU
		{CAD56B75-481B-4C76-B090-4BC2FF5E5681}.Debug|Any CPU.Build.0 = Debug|Any CPU
		{CAD56B75-481B-4C76-B090-4BC2FF5E5681}.Debug|Mixed Platforms.ActiveCfg = Debug|Any CPU
		{CAD56B75-481B-4C76-B090-4BC2FF5E5681}.Debug|Mixed Platforms.Build.0 = Debug|Any CPU
		{CAD56B75-481B-4C76-B090-4BC2FF5E5681}.Debug|x86.ActiveCfg = Debug|Any CPU
		{CAD56B75-481B-4C76-B090-4BC2FF5E5681}.Release|Any CPU.ActiveCfg = Release|Any CPU
		{CAD56B75-481B-4C76-B090-4BC2FF5E5681}.Release|Any CPU.Build.0 = Release|Any CPU
		{CAD56B75-481B-4C76-B090-4BC2FF5E5681}.Release|Mixed Platforms.ActiveCfg = Release|Any CPU
		{CAD56B75-481B-4C76-B090-4BC2FF5E5681}.Release|Mixed Platforms.Build.0 = Release|Any CPU
		{CAD56B75-481B-4C76-B090-4BC2FF5E5681}.Release|x86.ActiveCfg = Release|Any CPU
		{125DBC33-AA7A-4F67-BD19-3D0BD6C6BA9B}.Debug|Any CPU.ActiveCfg = Debug|x86
		{125DBC33-AA7A-4F67-BD19-3D0BD6C6BA9B}.Debug|Mixed Platforms.ActiveCfg = Debug|x86
		{125DBC33-AA7A-4F67-BD19-3D0BD6C6BA9B}.Debug|x86.ActiveCfg = Debug|x86
		{125DBC33-AA7A-4F67-BD19-3D0BD6C6BA9B}.Debug|x86.Build.0 = Debug|x86
		{125DBC33-AA7A-4F67-BD19-3D0BD6C6BA9B}.Release|Any CPU.ActiveCfg = Release|x86
		{125DBC33-AA7A-4F67-BD19-3D0BD6C6BA9B}.Release|Any CPU.Build.0 = Release|x86
		{125DBC33-AA7A-4F67-BD19-3D0BD6C6BA9B}.Release|Mixed Platforms.ActiveCfg = Release|x86
		{125DBC33-AA7A-4F67-BD19-3D0BD6C6BA9B}.Release|Mixed Platforms.Build.0 = Release|x86
		{125DBC33-AA7A-4F67-BD19-3D0BD6C6BA9B}.Release|x86.ActiveCfg = Release|x86
		{125DBC33-AA7A-4F67-BD19-3D0BD6C6BA9B}.Release|x86.Build.0 = Release|x86
		{1505A6E5-E6F9-4408-A5C8-968417081CBD}.Debug|Any CPU.ActiveCfg = Debug|Any CPU
		{1505A6E5-E6F9-4408-A5C8-968417081CBD}.Debug|Any CPU.Build.0 = Debug|Any CPU
		{1505A6E5-E6F9-4408-A5C8-968417081CBD}.Debug|Mixed Platforms.ActiveCfg = Debug|Any CPU
		{1505A6E5-E6F9-4408-A5C8-968417081CBD}.Debug|Mixed Platforms.Build.0 = Debug|Any CPU
		{1505A6E5-E6F9-4408-A5C8-968417081CBD}.Debug|x86.ActiveCfg = Debug|Any CPU
		{1505A6E5-E6F9-4408-A5C8-968417081CBD}.Release|Any CPU.ActiveCfg = Release|Any CPU
		{1505A6E5-E6F9-4408-A5C8-968417081CBD}.Release|Any CPU.Build.0 = Release|Any CPU
		{1505A6E5-E6F9-4408-A5C8-968417081CBD}.Release|Mixed Platforms.ActiveCfg = Release|Any CPU
		{1505A6E5-E6F9-4408-A5C8-968417081CBD}.Release|Mixed Platforms.Build.0 = Release|Any CPU
		{1505A6E5-E6F9-4408-A5C8-968417081CBD}.Release|x86.ActiveCfg = Release|Any CPU
		{E82AB523-ACE9-41F5-B5D6-F2D9AD6D2576}.Debug|Any CPU.ActiveCfg = Debug|Any CPU
		{E82AB523-ACE9-41F5-B5D6-F2D9AD6D2576}.Debug|Any CPU.Build.0 = Debug|Any CPU
		{E82AB523-ACE9-41F5-B5D6-F2D9AD6D2576}.Debug|Mixed Platforms.ActiveCfg = Debug|Any CPU
		{E82AB523-ACE9-41F5-B5D6-F2D9AD6D2576}.Debug|Mixed Platforms.Build.0 = Debug|Any CPU
		{E82AB523-ACE9-41F5-B5D6-F2D9AD6D2576}.Debug|x86.ActiveCfg = Debug|Any CPU
		{E82AB523-ACE9-41F5-B5D6-F2D9AD6D2576}.Release|Any CPU.ActiveCfg = Release|Any CPU
		{E82AB523-ACE9-41F5-B5D6-F2D9AD6D2576}.Release|Any CPU.Build.0 = Release|Any CPU
		{E82AB523-ACE9-41F5-B5D6-F2D9AD6D2576}.Release|Mixed Platforms.ActiveCfg = Release|Any CPU
		{E82AB523-ACE9-41F5-B5D6-F2D9AD6D2576}.Release|Mixed Platforms.Build.0 = Release|Any CPU
		{E82AB523-ACE9-41F5-B5D6-F2D9AD6D2576}.Release|x86.ActiveCfg = Release|Any CPU
		{92AD5826-59DB-459E-9318-E4CE1137B412}.Debug|Any CPU.ActiveCfg = Debug|Any CPU
		{92AD5826-59DB-459E-9318-E4CE1137B412}.Debug|Any CPU.Build.0 = Debug|Any CPU
		{92AD5826-59DB-459E-9318-E4CE1137B412}.Debug|Mixed Platforms.ActiveCfg = Debug|Any CPU
		{92AD5826-59DB-459E-9318-E4CE1137B412}.Debug|Mixed Platforms.Build.0 = Debug|Any CPU
		{92AD5826-59DB-459E-9318-E4CE1137B412}.Debug|x86.ActiveCfg = Debug|Any CPU
		{92AD5826-59DB-459E-9318-E4CE1137B412}.Release|Any CPU.ActiveCfg = Release|Any CPU
		{92AD5826-59DB-459E-9318-E4CE1137B412}.Release|Any CPU.Build.0 = Release|Any CPU
		{92AD5826-59DB-459E-9318-E4CE1137B412}.Release|Mixed Platforms.ActiveCfg = Release|Any CPU
		{92AD5826-59DB-459E-9318-E4CE1137B412}.Release|Mixed Platforms.Build.0 = Release|Any CPU
		{92AD5826-59DB-459E-9318-E4CE1137B412}.Release|x86.ActiveCfg = Release|Any CPU
		{70C5EAF0-C268-4395-9CF6-115DFB502236}.Debug|Any CPU.ActiveCfg = Debug|Any CPU
		{70C5EAF0-C268-4395-9CF6-115DFB502236}.Debug|Any CPU.Build.0 = Debug|Any CPU
		{70C5EAF0-C268-4395-9CF6-115DFB502236}.Debug|Mixed Platforms.ActiveCfg = Debug|Any CPU
		{70C5EAF0-C268-4395-9CF6-115DFB502236}.Debug|Mixed Platforms.Build.0 = Debug|Any CPU
		{70C5EAF0-C268-4395-9CF6-115DFB502236}.Debug|x86.ActiveCfg = Debug|Any CPU
		{70C5EAF0-C268-4395-9CF6-115DFB502236}.Release|Any CPU.ActiveCfg = Release|Any CPU
		{70C5EAF0-C268-4395-9CF6-115DFB502236}.Release|Any CPU.Build.0 = Release|Any CPU
		{70C5EAF0-C268-4395-9CF6-115DFB502236}.Release|Mixed Platforms.ActiveCfg = Release|Any CPU
		{70C5EAF0-C268-4395-9CF6-115DFB502236}.Release|Mixed Platforms.Build.0 = Release|Any CPU
		{70C5EAF0-C268-4395-9CF6-115DFB502236}.Release|x86.ActiveCfg = Release|Any CPU
		{73F7AD40-F55C-4B68-887A-DA188BA4B4CE}.Debug|Any CPU.ActiveCfg = Debug|Any CPU
		{73F7AD40-F55C-4B68-887A-DA188BA4B4CE}.Debug|Any CPU.Build.0 = Debug|Any CPU
		{73F7AD40-F55C-4B68-887A-DA188BA4B4CE}.Debug|Mixed Platforms.ActiveCfg = Debug|Any CPU
		{73F7AD40-F55C-4B68-887A-DA188BA4B4CE}.Debug|Mixed Platforms.Build.0 = Debug|Any CPU
		{73F7AD40-F55C-4B68-887A-DA188BA4B4CE}.Debug|x86.ActiveCfg = Debug|Any CPU
		{73F7AD40-F55C-4B68-887A-DA188BA4B4CE}.Release|Any CPU.ActiveCfg = Release|Any CPU
		{73F7AD40-F55C-4B68-887A-DA188BA4B4CE}.Release|Any CPU.Build.0 = Release|Any CPU
		{73F7AD40-F55C-4B68-887A-DA188BA4B4CE}.Release|Mixed Platforms.ActiveCfg = Release|Any CPU
		{73F7AD40-F55C-4B68-887A-DA188BA4B4CE}.Release|Mixed Platforms.Build.0 = Release|Any CPU
		{73F7AD40-F55C-4B68-887A-DA188BA4B4CE}.Release|x86.ActiveCfg = Release|Any CPU
	EndGlobalSection
	GlobalSection(SolutionProperties) = preSolution
		HideSolutionNode = FALSE
	EndGlobalSection
	GlobalSection(NestedProjects) = preSolution
		{CAD56B75-481B-4C76-B090-4BC2FF5E5681} = {C6DE47A1-1707-4139-9638-37CA983F3086}
		{D5FBE9D8-DFAE-49F0-B9DA-0795B98D887F} = {36E4D3C5-28FD-46B9-8763-C3316F67C6BE}
		{B6A88209-B71C-4045-BF3D-371BC9D21784} = {36E4D3C5-28FD-46B9-8763-C3316F67C6BE}
		{E82AB523-ACE9-41F5-B5D6-F2D9AD6D2576} = {36E4D3C5-28FD-46B9-8763-C3316F67C6BE}
		{92AD5826-59DB-459E-9318-E4CE1137B412} = {36E4D3C5-28FD-46B9-8763-C3316F67C6BE}
		{70C5EAF0-C268-4395-9CF6-115DFB502236} = {36E4D3C5-28FD-46B9-8763-C3316F67C6BE}
		{125DBC33-AA7A-4F67-BD19-3D0BD6C6BA9B} = {F2DEFE3C-291D-4F9B-A01C-4EEA7988A183}
	EndGlobalSection
EndGlobal
